
Microsoft Visual Studio Solution File, Format Version 12.00
# Visual Studio 2017
Project("{FAE04EC0-301F-11D3-BF4B-00C04F79EFBC}") = "Super Marcão Bros.Plugins", "Super Marcão Bros.Plugins.csproj", "{ADEB1F40-E96C-6760-9E83-ABF03186F0A3}"
EndProject
Project("{FAE04EC0-301F-11D3-BF4B-00C04F79EFBC}") = "Super Marcão Bros", "Super Marcão Bros.csproj", "{7DC96F30-748C-9402-1B2E-6F02A387D92D}"
EndProject
Project("{FAE04EC0-301F-11D3-BF4B-00C04F79EFBC}") = "Super Marcão Bros.Editor.Plugins", "Super Marcão Bros.Editor.Plugins.csproj", "{641CABAD-1782-EE4B-2929-19E17C9CE3DC}"
EndProject
Global
	GlobalSection(SolutionConfigurationPlatforms) = preSolution
		Debug|Any CPU = Debug|Any CPU
		Release|Any CPU = Release|Any CPU
	EndGlobalSection
	GlobalSection(ProjectConfigurationPlatforms) = postSolution
		{ADEB1F40-E96C-6760-9E83-ABF03186F0A3}.Debug|Any CPU.ActiveCfg = Debug|Any CPU
		{ADEB1F40-E96C-6760-9E83-ABF03186F0A3}.Debug|Any CPU.Build.0 = Debug|Any CPU
		{ADEB1F40-E96C-6760-9E83-ABF03186F0A3}.Release|Any CPU.ActiveCfg = Release|Any CPU
		{ADEB1F40-E96C-6760-9E83-ABF03186F0A3}.Release|Any CPU.Build.0 = Release|Any CPU
		{7DC96F30-748C-9402-1B2E-6F02A387D92D}.Debug|Any CPU.ActiveCfg = Debug|Any CPU
		{7DC96F30-748C-9402-1B2E-6F02A387D92D}.Debug|Any CPU.Build.0 = Debug|Any CPU
		{7DC96F30-748C-9402-1B2E-6F02A387D92D}.Release|Any CPU.ActiveCfg = Release|Any CPU
		{7DC96F30-748C-9402-1B2E-6F02A387D92D}.Release|Any CPU.Build.0 = Release|Any CPU
		{641CABAD-1782-EE4B-2929-19E17C9CE3DC}.Debug|Any CPU.ActiveCfg = Debug|Any CPU
		{641CABAD-1782-EE4B-2929-19E17C9CE3DC}.Debug|Any CPU.Build.0 = Debug|Any CPU
		{641CABAD-1782-EE4B-2929-19E17C9CE3DC}.Release|Any CPU.ActiveCfg = Release|Any CPU
		{641CABAD-1782-EE4B-2929-19E17C9CE3DC}.Release|Any CPU.Build.0 = Release|Any CPU
	EndGlobalSection
	GlobalSection(SolutionProperties) = preSolution
		HideSolutionNode = FALSE
	EndGlobalSection
EndGlobal
